
Microsoft Visual Studio Solution File, Format Version 12.00
# Visual Studio Version 16
VisualStudioVersion = 16.0.30413.136
MinimumVisualStudioVersion = 10.0.40219.1
Project("{FAE04EC0-301F-11D3-BF4B-00C04F79EFBC}") = "Pruebas2", "Pruebas2\Pruebas2.csproj", "{64E8D25F-E7A3-4534-978E-E677804F65B0}"
EndProject
Global
	GlobalSection(SolutionConfigurationPlatforms) = preSolution
		Debug|Any CPU = Debug|Any CPU
		Release|Any CPU = Release|Any CPU
	EndGlobalSection
	GlobalSection(ProjectConfigurationPlatforms) = postSolution
		{64E8D25F-E7A3-4534-978E-E677804F65B0}.Debug|Any CPU.ActiveCfg = Debug|Any CPU
		{64E8D25F-E7A3-4534-978E-E677804F65B0}.Debug|Any CPU.Build.0 = Debug|Any CPU
		{64E8D25F-E7A3-4534-978E-E677804F65B0}.Release|Any CPU.ActiveCfg = Release|Any CPU
		{64E8D25F-E7A3-4534-978E-E677804F65B0}.Release|Any CPU.Build.0 = Release|Any CPU
	EndGlobalSection
	GlobalSection(SolutionProperties) = preSolution
		HideSolutionNode = FALSE
	EndGlobalSection
	GlobalSection(ExtensibilityGlobals) = postSolution
		SolutionGuid = {478DB483-F14C-4F2C-8041-1B83F3E164E7}
	EndGlobalSection
EndGlobal
